{"filter":false,"title":"composer.lock","tooltip":"/composer.lock","undoManager":{"mark":-1,"position":-1,"stack":[]},"ace":{"folds":[],"scrolltop":2220,"scrollleft":0,"selection":{"start":{"row":148,"column":18},"end":{"row":148,"column":18},"isBackwards":false},"options":{"guessTabSize":true,"useWrapMode":false,"wrapToView":true},"firstLineState":{"row":115,"state":"start","mode":"ace/mode/json"}},"timestamp":1558090109646,"hash":"ca4c56344afc3f26d403206eb565c8c7e12198a0"}